
Microsoft Visual Studio Solution File, Format Version 12.00
# Visual Studio Version 17
VisualStudioVersion = 17.11.35327.3
MinimumVisualStudioVersion = 10.0.40219.1
Project("{9A19103F-16F7-4668-BE54-9A1E7A4F7556}") = "Generator", "Generator\Generator.csproj", "{1B12C877-B991-49FF-82E9-139D08E6DCC2}"
EndProject
Project("{9A19103F-16F7-4668-BE54-9A1E7A4F7556}") = "Example", "Example\Example.csproj", "{02DB88A7-D4B3-4016-87AD-015FDC2BE702}"
EndProject
Project("{9A19103F-16F7-4668-BE54-9A1E7A4F7556}") = "Hexa.NET.OpenGL3", "Hexa.NET.OpenGL3\Hexa.NET.OpenGL3.csproj", "{8D6ADEAA-EC27-4E1F-9F4B-A1F22D939F3A}"
EndProject
Project("{FAE04EC0-301F-11D3-BF4B-00C04F79EFBC}") = "Hexa.NET.OpenGL4", "Hexa.NET.OpenGL4\Hexa.NET.OpenGL4.csproj", "{61294689-1E9D-4CCB-8E45-EF1455FC47DE}"
EndProject
Project("{FAE04EC0-301F-11D3-BF4B-00C04F79EFBC}") = "Hexa.NET.OpenGL2", "Hexa.NET.OpenGL2\Hexa.NET.OpenGL2.csproj", "{3994C2AE-3497-43EC-ABDE-45A9D5840CBC}"
EndProject
Project("{FAE04EC0-301F-11D3-BF4B-00C04F79EFBC}") = "Hexa.NET.OpenGL.EXT", "Hexa.NET.OpenGL.EXT\Hexa.NET.OpenGL.EXT.csproj", "{6EBEC890-D4B8-440A-A7DB-E7DF3710248B}"
EndProject
Project("{FAE04EC0-301F-11D3-BF4B-00C04F79EFBC}") = "Hexa.NET.OpenGL.Base", "Hexa.NET.OpenGL.Base\Hexa.NET.OpenGL.Base.csproj", "{E57CC010-170E-438C-9779-CFC492FBC870}"
EndProject
Project("{FAE04EC0-301F-11D3-BF4B-00C04F79EFBC}") = "Hexa.NET.OpenGL.ARB", "Hexa.NET.OpenGL.ARB\Hexa.NET.OpenGL.ARB.csproj", "{A2CDAF07-6175-4BEE-BFD4-031C626A9D50}"
EndProject
Project("{FAE04EC0-301F-11D3-BF4B-00C04F79EFBC}") = "Hexa.NET.OpenGL.NV", "Hexa.NET.OpenGL.NV\Hexa.NET.OpenGL.NV.csproj", "{D0E68579-A715-49A0-B119-0F4FD58BAE47}"
EndProject
Project("{FAE04EC0-301F-11D3-BF4B-00C04F79EFBC}") = "Hexa.NET.OpenGL.AMD", "Hexa.NET.OpenGL.AMD\Hexa.NET.OpenGL.AMD.csproj", "{DF1BE587-5CD9-4E06-9DAD-F277249D9850}"
EndProject
Project("{FAE04EC0-301F-11D3-BF4B-00C04F79EFBC}") = "Hexa.NET.OpenGL.APPLE", "Hexa.NET.OpenGL.APPLE\Hexa.NET.OpenGL.APPLE.csproj", "{8D0CD93E-A7F6-4184-8F79-1FC11C7246D4}"
EndProject
Project("{FAE04EC0-301F-11D3-BF4B-00C04F79EFBC}") = "Hexa.NET.OpenGL.INTEL", "Hexa.NET.OpenGL.INTEL\Hexa.NET.OpenGL.INTEL.csproj", "{4ECA905D-9317-484D-94AE-134420770560}"
EndProject
Project("{FAE04EC0-301F-11D3-BF4B-00C04F79EFBC}") = "Hexa.NET.OpenGL.MESA", "Hexa.NET.OpenGL.MESA\Hexa.NET.OpenGL.MESA.csproj", "{2892BAEE-368D-4247-A887-95F38E3391B8}"
EndProject
Project("{FAE04EC0-301F-11D3-BF4B-00C04F79EFBC}") = "Hexa.NET.OpenGL.KHR", "Hexa.NET.OpenGL.KHR\Hexa.NET.OpenGL.KHR.csproj", "{3B90AAAA-B2C9-4FA4-9273-29E7D7311286}"
EndProject
Project("{FAE04EC0-301F-11D3-BF4B-00C04F79EFBC}") = "Hexa.NET.OpenGL.OVR", "Hexa.NET.OpenGL.OVR\Hexa.NET.OpenGL.OVR.csproj", "{579FB597-1156-449B-B32E-49409A811373}"
EndProject
Project("{FAE04EC0-301F-11D3-BF4B-00C04F79EFBC}") = "Hexa.NET.OpenGL3.Compat", "Hexa.NET.OpenGL3.Compat\Hexa.NET.OpenGL3.Compat.csproj", "{C8A85DE6-3D59-40C1-93FB-58076C041451}"
EndProject
Project("{FAE04EC0-301F-11D3-BF4B-00C04F79EFBC}") = "Hexa.NET.OpenGL4.Compat", "Hexa.NET.OpenGL4.Compat\Hexa.NET.OpenGL4.Compat.csproj", "{4815F2BB-EB8C-4272-9B97-DEF9FE1C3F54}"
EndProject
Project("{FAE04EC0-301F-11D3-BF4B-00C04F79EFBC}") = "Hexa.NET.OpenGLES2", "Hexa.NET.OpenGLES2\Hexa.NET.OpenGLES2.csproj", "{26BCE97A-EED2-4422-A101-D2CE64B6D5F4}"
EndProject
Project("{FAE04EC0-301F-11D3-BF4B-00C04F79EFBC}") = "Hexa.NET.OpenGLES.Base", "Hexa.NET.OpenGLES.Base\Hexa.NET.OpenGLES.Base.csproj", "{4441F841-4FBE-4D74-8C63-D2578F36D7D8}"
EndProject
Project("{FAE04EC0-301F-11D3-BF4B-00C04F79EFBC}") = "Hexa.NET.OpenGLES3", "Hexa.NET.OpenGLES3\Hexa.NET.OpenGLES3.csproj", "{814F595A-BE26-4F41-8CB7-9128BB9001BA}"
EndProject
Project("{FAE04EC0-301F-11D3-BF4B-00C04F79EFBC}") = "Hexa.NET.OpenGLES.ANDROID", "Hexa.NET.OpenGLES.ANDROID\Hexa.NET.OpenGLES.ANDROID.csproj", "{03E6419B-5448-47DD-9901-14660ED357E0}"
EndProject
Project("{FAE04EC0-301F-11D3-BF4B-00C04F79EFBC}") = "Hexa.NET.OpenGLES.EXT", "Hexa.NET.OpenGLES.EXT\Hexa.NET.OpenGLES.EXT.csproj", "{C75DEC3F-289E-4383-977C-D785AA19E9AC}"
EndProject
Project("{FAE04EC0-301F-11D3-BF4B-00C04F79EFBC}") = "Hexa.NET.OpenGLES.NV", "Hexa.NET.OpenGLES.NV\Hexa.NET.OpenGLES.NV.csproj", "{A3B19F4A-018B-41CC-B18C-1D9008B53092}"
EndProject
Project("{FAE04EC0-301F-11D3-BF4B-00C04F79EFBC}") = "Hexa.NET.OpenGLES.ANGLE", "Hexa.NET.OpenGLES.ANGLE\Hexa.NET.OpenGLES.ANGLE.csproj", "{EE60A478-D99C-47E0-98DB-793E330E88DC}"
EndProject
Project("{FAE04EC0-301F-11D3-BF4B-00C04F79EFBC}") = "Hexa.NET.OpenGLES.AMD", "Hexa.NET.OpenGLES.AMD\Hexa.NET.OpenGLES.AMD.csproj", "{303A13AC-5C82-487C-A792-D3FB228B8986}"
EndProject
Project("{FAE04EC0-301F-11D3-BF4B-00C04F79EFBC}") = "Hexa.NET.OpenGLES.ARM", "Hexa.NET.OpenGLES.ARM\Hexa.NET.OpenGLES.ARM.csproj", "{BB8D4FF9-CEDF-4669-873E-E2DD62A9F15D}"
EndProject
Project("{FAE04EC0-301F-11D3-BF4B-00C04F79EFBC}") = "Hexa.NET.OpenGLES.INTEL", "Hexa.NET.OpenGLES.INTEL\Hexa.NET.OpenGLES.INTEL.csproj", "{879E880F-9D5F-4D58-AF2C-F0DD407F69D3}"
EndProject
Project("{FAE04EC0-301F-11D3-BF4B-00C04F79EFBC}") = "Hexa.NET.OpenGLES.MESA", "Hexa.NET.OpenGLES.MESA\Hexa.NET.OpenGLES.MESA.csproj", "{89B81C66-4F95-4540-A910-62FE7DBBF330}"
EndProject
Project("{FAE04EC0-301F-11D3-BF4B-00C04F79EFBC}") = "Hexa.NET.OpenGLES.KHR", "Hexa.NET.OpenGLES.KHR\Hexa.NET.OpenGLES.KHR.csproj", "{AF97AA39-957B-4FD8-9D07-860406D8920E}"
EndProject
Project("{FAE04EC0-301F-11D3-BF4B-00C04F79EFBC}") = "Hexa.NET.OpenGLES.OES", "Hexa.NET.OpenGLES.OES\Hexa.NET.OpenGLES.OES.csproj", "{2CBA9FB3-4756-4A12-B969-D7F628F938FC}"
EndProject
Global
	GlobalSection(SolutionConfigurationPlatforms) = preSolution
		Debug|Any CPU = Debug|Any CPU
		Release|Any CPU = Release|Any CPU
	EndGlobalSection
	GlobalSection(ProjectConfigurationPlatforms) = postSolution
		{1B12C877-B991-49FF-82E9-139D08E6DCC2}.Debug|Any CPU.ActiveCfg = Debug|Any CPU
		{1B12C877-B991-49FF-82E9-139D08E6DCC2}.Debug|Any CPU.Build.0 = Debug|Any CPU
		{1B12C877-B991-49FF-82E9-139D08E6DCC2}.Release|Any CPU.ActiveCfg = Release|Any CPU
		{1B12C877-B991-49FF-82E9-139D08E6DCC2}.Release|Any CPU.Build.0 = Release|Any CPU
		{02DB88A7-D4B3-4016-87AD-015FDC2BE702}.Debug|Any CPU.ActiveCfg = Debug|Any CPU
		{02DB88A7-D4B3-4016-87AD-015FDC2BE702}.Debug|Any CPU.Build.0 = Debug|Any CPU
		{02DB88A7-D4B3-4016-87AD-015FDC2BE702}.Release|Any CPU.ActiveCfg = Release|Any CPU
		{02DB88A7-D4B3-4016-87AD-015FDC2BE702}.Release|Any CPU.Build.0 = Release|Any CPU
		{8D6ADEAA-EC27-4E1F-9F4B-A1F22D939F3A}.Debug|Any CPU.ActiveCfg = Debug|Any CPU
		{8D6ADEAA-EC27-4E1F-9F4B-A1F22D939F3A}.Debug|Any CPU.Build.0 = Debug|Any CPU
		{8D6ADEAA-EC27-4E1F-9F4B-A1F22D939F3A}.Release|Any CPU.ActiveCfg = Release|Any CPU
		{8D6ADEAA-EC27-4E1F-9F4B-A1F22D939F3A}.Release|Any CPU.Build.0 = Release|Any CPU
		{61294689-1E9D-4CCB-8E45-EF1455FC47DE}.Debug|Any CPU.ActiveCfg = Debug|Any CPU
		{61294689-1E9D-4CCB-8E45-EF1455FC47DE}.Debug|Any CPU.Build.0 = Debug|Any CPU
		{61294689-1E9D-4CCB-8E45-EF1455FC47DE}.Release|Any CPU.ActiveCfg = Release|Any CPU
		{61294689-1E9D-4CCB-8E45-EF1455FC47DE}.Release|Any CPU.Build.0 = Release|Any CPU
		{3994C2AE-3497-43EC-ABDE-45A9D5840CBC}.Debug|Any CPU.ActiveCfg = Debug|Any CPU
		{3994C2AE-3497-43EC-ABDE-45A9D5840CBC}.Debug|Any CPU.Build.0 = Debug|Any CPU
		{3994C2AE-3497-43EC-ABDE-45A9D5840CBC}.Release|Any CPU.ActiveCfg = Release|Any CPU
		{3994C2AE-3497-43EC-ABDE-45A9D5840CBC}.Release|Any CPU.Build.0 = Release|Any CPU
		{6EBEC890-D4B8-440A-A7DB-E7DF3710248B}.Debug|Any CPU.ActiveCfg = Debug|Any CPU
		{6EBEC890-D4B8-440A-A7DB-E7DF3710248B}.Debug|Any CPU.Build.0 = Debug|Any CPU
		{6EBEC890-D4B8-440A-A7DB-E7DF3710248B}.Release|Any CPU.ActiveCfg = Release|Any CPU
		{6EBEC890-D4B8-440A-A7DB-E7DF3710248B}.Release|Any CPU.Build.0 = Release|Any CPU
		{E57CC010-170E-438C-9779-CFC492FBC870}.Debug|Any CPU.ActiveCfg = Debug|Any CPU
		{E57CC010-170E-438C-9779-CFC492FBC870}.Debug|Any CPU.Build.0 = Debug|Any CPU
		{E57CC010-170E-438C-9779-CFC492FBC870}.Release|Any CPU.ActiveCfg = Release|Any CPU
		{E57CC010-170E-438C-9779-CFC492FBC870}.Release|Any CPU.Build.0 = Release|Any CPU
		{A2CDAF07-6175-4BEE-BFD4-031C626A9D50}.Debug|Any CPU.ActiveCfg = Debug|Any CPU
		{A2CDAF07-6175-4BEE-BFD4-031C626A9D50}.Debug|Any CPU.Build.0 = Debug|Any CPU
		{A2CDAF07-6175-4BEE-BFD4-031C626A9D50}.Release|Any CPU.ActiveCfg = Release|Any CPU
		{A2CDAF07-6175-4BEE-BFD4-031C626A9D50}.Release|Any CPU.Build.0 = Release|Any CPU
		{D0E68579-A715-49A0-B119-0F4FD58BAE47}.Debug|Any CPU.ActiveCfg = Debug|Any CPU
		{D0E68579-A715-49A0-B119-0F4FD58BAE47}.Debug|Any CPU.Build.0 = Debug|Any CPU
		{D0E68579-A715-49A0-B119-0F4FD58BAE47}.Release|Any CPU.ActiveCfg = Release|Any CPU
		{D0E68579-A715-49A0-B119-0F4FD58BAE47}.Release|Any CPU.Build.0 = Release|Any CPU
		{DF1BE587-5CD9-4E06-9DAD-F277249D9850}.Debug|Any CPU.ActiveCfg = Debug|Any CPU
		{DF1BE587-5CD9-4E06-9DAD-F277249D9850}.Debug|Any CPU.Build.0 = Debug|Any CPU
		{DF1BE587-5CD9-4E06-9DAD-F277249D9850}.Release|Any CPU.ActiveCfg = Release|Any CPU
		{DF1BE587-5CD9-4E06-9DAD-F277249D9850}.Release|Any CPU.Build.0 = Release|Any CPU
		{8D0CD93E-A7F6-4184-8F79-1FC11C7246D4}.Debug|Any CPU.ActiveCfg = Debug|Any CPU
		{8D0CD93E-A7F6-4184-8F79-1FC11C7246D4}.Debug|Any CPU.Build.0 = Debug|Any CPU
		{8D0CD93E-A7F6-4184-8F79-1FC11C7246D4}.Release|Any CPU.ActiveCfg = Release|Any CPU
		{8D0CD93E-A7F6-4184-8F79-1FC11C7246D4}.Release|Any CPU.Build.0 = Release|Any CPU
		{4ECA905D-9317-484D-94AE-134420770560}.Debug|Any CPU.ActiveCfg = Debug|Any CPU
		{4ECA905D-9317-484D-94AE-134420770560}.Debug|Any CPU.Build.0 = Debug|Any CPU
		{4ECA905D-9317-484D-94AE-134420770560}.Release|Any CPU.ActiveCfg = Release|Any CPU
		{4ECA905D-9317-484D-94AE-134420770560}.Release|Any CPU.Build.0 = Release|Any CPU
		{2892BAEE-368D-4247-A887-95F38E3391B8}.Debug|Any CPU.ActiveCfg = Debug|Any CPU
		{2892BAEE-368D-4247-A887-95F38E3391B8}.Debug|Any CPU.Build.0 = Debug|Any CPU
		{2892BAEE-368D-4247-A887-95F38E3391B8}.Release|Any CPU.ActiveCfg = Release|Any CPU
		{2892BAEE-368D-4247-A887-95F38E3391B8}.Release|Any CPU.Build.0 = Release|Any CPU
		{3B90AAAA-B2C9-4FA4-9273-29E7D7311286}.Debug|Any CPU.ActiveCfg = Debug|Any CPU
		{3B90AAAA-B2C9-4FA4-9273-29E7D7311286}.Debug|Any CPU.Build.0 = Debug|Any CPU
		{3B90AAAA-B2C9-4FA4-9273-29E7D7311286}.Release|Any CPU.ActiveCfg = Release|Any CPU
		{3B90AAAA-B2C9-4FA4-9273-29E7D7311286}.Release|Any CPU.Build.0 = Release|Any CPU
		{579FB597-1156-449B-B32E-49409A811373}.Debug|Any CPU.ActiveCfg = Debug|Any CPU
		{579FB597-1156-449B-B32E-49409A811373}.Debug|Any CPU.Build.0 = Debug|Any CPU
		{579FB597-1156-449B-B32E-49409A811373}.Release|Any CPU.ActiveCfg = Release|Any CPU
		{579FB597-1156-449B-B32E-49409A811373}.Release|Any CPU.Build.0 = Release|Any CPU
		{C8A85DE6-3D59-40C1-93FB-58076C041451}.Debug|Any CPU.ActiveCfg = Debug|Any CPU
		{C8A85DE6-3D59-40C1-93FB-58076C041451}.Debug|Any CPU.Build.0 = Debug|Any CPU
		{C8A85DE6-3D59-40C1-93FB-58076C041451}.Release|Any CPU.ActiveCfg = Release|Any CPU
		{C8A85DE6-3D59-40C1-93FB-58076C041451}.Release|Any CPU.Build.0 = Release|Any CPU
		{4815F2BB-EB8C-4272-9B97-DEF9FE1C3F54}.Debug|Any CPU.ActiveCfg = Debug|Any CPU
		{4815F2BB-EB8C-4272-9B97-DEF9FE1C3F54}.Debug|Any CPU.Build.0 = Debug|Any CPU
		{4815F2BB-EB8C-4272-9B97-DEF9FE1C3F54}.Release|Any CPU.ActiveCfg = Release|Any CPU
		{4815F2BB-EB8C-4272-9B97-DEF9FE1C3F54}.Release|Any CPU.Build.0 = Release|Any CPU
		{26BCE97A-EED2-4422-A101-D2CE64B6D5F4}.Debug|Any CPU.ActiveCfg = Debug|Any CPU
		{26BCE97A-EED2-4422-A101-D2CE64B6D5F4}.Debug|Any CPU.Build.0 = Debug|Any CPU
		{26BCE97A-EED2-4422-A101-D2CE64B6D5F4}.Release|Any CPU.ActiveCfg = Release|Any CPU
		{26BCE97A-EED2-4422-A101-D2CE64B6D5F4}.Release|Any CPU.Build.0 = Release|Any CPU
		{4441F841-4FBE-4D74-8C63-D2578F36D7D8}.Debug|Any CPU.ActiveCfg = Debug|Any CPU
		{4441F841-4FBE-4D74-8C63-D2578F36D7D8}.Debug|Any CPU.Build.0 = Debug|Any CPU
		{4441F841-4FBE-4D74-8C63-D2578F36D7D8}.Release|Any CPU.ActiveCfg = Release|Any CPU
		{4441F841-4FBE-4D74-8C63-D2578F36D7D8}.Release|Any CPU.Build.0 = Release|Any CPU
		{814F595A-BE26-4F41-8CB7-9128BB9001BA}.Debug|Any CPU.ActiveCfg = Debug|Any CPU
		{814F595A-BE26-4F41-8CB7-9128BB9001BA}.Debug|Any CPU.Build.0 = Debug|Any CPU
		{814F595A-BE26-4F41-8CB7-9128BB9001BA}.Release|Any CPU.ActiveCfg = Release|Any CPU
		{814F595A-BE26-4F41-8CB7-9128BB9001BA}.Release|Any CPU.Build.0 = Release|Any CPU
		{03E6419B-5448-47DD-9901-14660ED357E0}.Debug|Any CPU.ActiveCfg = Debug|Any CPU
		{03E6419B-5448-47DD-9901-14660ED357E0}.Debug|Any CPU.Build.0 = Debug|Any CPU
		{03E6419B-5448-47DD-9901-14660ED357E0}.Release|Any CPU.ActiveCfg = Release|Any CPU
		{03E6419B-5448-47DD-9901-14660ED357E0}.Release|Any CPU.Build.0 = Release|Any CPU
		{C75DEC3F-289E-4383-977C-D785AA19E9AC}.Debug|Any CPU.ActiveCfg = Debug|Any CPU
		{C75DEC3F-289E-4383-977C-D785AA19E9AC}.Debug|Any CPU.Build.0 = Debug|Any CPU
		{C75DEC3F-289E-4383-977C-D785AA19E9AC}.Release|Any CPU.ActiveCfg = Release|Any CPU
		{C75DEC3F-289E-4383-977C-D785AA19E9AC}.Release|Any CPU.Build.0 = Release|Any CPU
		{A3B19F4A-018B-41CC-B18C-1D9008B53092}.Debug|Any CPU.ActiveCfg = Debug|Any CPU
		{A3B19F4A-018B-41CC-B18C-1D9008B53092}.Debug|Any CPU.Build.0 = Debug|Any CPU
		{A3B19F4A-018B-41CC-B18C-1D9008B53092}.Release|Any CPU.ActiveCfg = Release|Any CPU
		{A3B19F4A-018B-41CC-B18C-1D9008B53092}.Release|Any CPU.Build.0 = Release|Any CPU
		{EE60A478-D99C-47E0-98DB-793E330E88DC}.Debug|Any CPU.ActiveCfg = Debug|Any CPU
		{EE60A478-D99C-47E0-98DB-793E330E88DC}.Debug|Any CPU.Build.0 = Debug|Any CPU
		{EE60A478-D99C-47E0-98DB-793E330E88DC}.Release|Any CPU.ActiveCfg = Release|Any CPU
		{EE60A478-D99C-47E0-98DB-793E330E88DC}.Release|Any CPU.Build.0 = Release|Any CPU
		{303A13AC-5C82-487C-A792-D3FB228B8986}.Debug|Any CPU.ActiveCfg = Debug|Any CPU
		{303A13AC-5C82-487C-A792-D3FB228B8986}.Debug|Any CPU.Build.0 = Debug|Any CPU
		{303A13AC-5C82-487C-A792-D3FB228B8986}.Release|Any CPU.ActiveCfg = Release|Any CPU
		{303A13AC-5C82-487C-A792-D3FB228B8986}.Release|Any CPU.Build.0 = Release|Any CPU
		{BB8D4FF9-CEDF-4669-873E-E2DD62A9F15D}.Debug|Any CPU.ActiveCfg = Debug|Any CPU
		{BB8D4FF9-CEDF-4669-873E-E2DD62A9F15D}.Debug|Any CPU.Build.0 = Debug|Any CPU
		{BB8D4FF9-CEDF-4669-873E-E2DD62A9F15D}.Release|Any CPU.ActiveCfg = Release|Any CPU
		{BB8D4FF9-CEDF-4669-873E-E2DD62A9F15D}.Release|Any CPU.Build.0 = Release|Any CPU
		{879E880F-9D5F-4D58-AF2C-F0DD407F69D3}.Debug|Any CPU.ActiveCfg = Debug|Any CPU
		{879E880F-9D5F-4D58-AF2C-F0DD407F69D3}.Debug|Any CPU.Build.0 = Debug|Any CPU
		{879E880F-9D5F-4D58-AF2C-F0DD407F69D3}.Release|Any CPU.ActiveCfg = Release|Any CPU
		{879E880F-9D5F-4D58-AF2C-F0DD407F69D3}.Release|Any CPU.Build.0 = Release|Any CPU
		{89B81C66-4F95-4540-A910-62FE7DBBF330}.Debug|Any CPU.ActiveCfg = Debug|Any CPU
		{89B81C66-4F95-4540-A910-62FE7DBBF330}.Debug|Any CPU.Build.0 = Debug|Any CPU
		{89B81C66-4F95-4540-A910-62FE7DBBF330}.Release|Any CPU.ActiveCfg = Release|Any CPU
		{89B81C66-4F95-4540-A910-62FE7DBBF330}.Release|Any CPU.Build.0 = Release|Any CPU
		{AF97AA39-957B-4FD8-9D07-860406D8920E}.Debug|Any CPU.ActiveCfg = Debug|Any CPU
		{AF97AA39-957B-4FD8-9D07-860406D8920E}.Debug|Any CPU.Build.0 = Debug|Any CPU
		{AF97AA39-957B-4FD8-9D07-860406D8920E}.Release|Any CPU.ActiveCfg = Release|Any CPU
		{AF97AA39-957B-4FD8-9D07-860406D8920E}.Release|Any CPU.Build.0 = Release|Any CPU
		{2CBA9FB3-4756-4A12-B969-D7F628F938FC}.Debug|Any CPU.ActiveCfg = Debug|Any CPU
		{2CBA9FB3-4756-4A12-B969-D7F628F938FC}.Debug|Any CPU.Build.0 = Debug|Any CPU
		{2CBA9FB3-4756-4A12-B969-D7F628F938FC}.Release|Any CPU.ActiveCfg = Release|Any CPU
		{2CBA9FB3-4756-4A12-B969-D7F628F938FC}.Release|Any CPU.Build.0 = Release|Any CPU
	EndGlobalSection
	GlobalSection(SolutionProperties) = preSolution
		HideSolutionNode = FALSE
	EndGlobalSection
	GlobalSection(ExtensibilityGlobals) = postSolution
		SolutionGuid = {02824EF5-9355-4C60-B8CA-1974A3A951C8}
	EndGlobalSection
EndGlobal
